
Microsoft Visual Studio Solution File, Format Version 12.00
# Visual Studio Version 16
VisualStudioVersion = 16.0.33130.400
MinimumVisualStudioVersion = 10.0.40219.1
Project("{FAE04EC0-301F-11D3-BF4B-00C04F79EFBC}") = "WinformUI", "WinformUI\WinformUI.csproj", "{0AD7E1F2-1A04-4737-8019-E4CD500D22AE}"
EndProject
Global
	GlobalSection(SolutionConfigurationPlatforms) = preSolution
		Debug|Any CPU = Debug|Any CPU
		Release|Any CPU = Release|Any CPU
	EndGlobalSection
	GlobalSection(ProjectConfigurationPlatforms) = postSolution
		{0AD7E1F2-1A04-4737-8019-E4CD500D22AE}.Debug|Any CPU.ActiveCfg = Debug|Any CPU
		{0AD7E1F2-1A04-4737-8019-E4CD500D22AE}.Debug|Any CPU.Build.0 = Debug|Any CPU
		{0AD7E1F2-1A04-4737-8019-E4CD500D22AE}.Release|Any CPU.ActiveCfg = Release|Any CPU
		{0AD7E1F2-1A04-4737-8019-E4CD500D22AE}.Release|Any CPU.Build.0 = Release|Any CPU
	EndGlobalSection
	GlobalSection(SolutionProperties) = preSolution
		HideSolutionNode = FALSE
	EndGlobalSection
	GlobalSection(ExtensibilityGlobals) = postSolution
		SolutionGuid = {B62BB8FD-B18B-4A79-A47A-1D8048E1FC7A}
	EndGlobalSection
EndGlobal
