
Microsoft Visual Studio Solution File, Format Version 12.00
# Visual Studio Version 16
VisualStudioVersion = 16.0.33423.256
MinimumVisualStudioVersion = 10.0.40219.1
Project("{FAE04EC0-301F-11D3-BF4B-00C04F79EFBC}") = "DriverLicenseExam", "DriverLicenseExam\DriverLicenseExam.csproj", "{B2444549-196A-466C-A855-C6E4C55EBEFD}"
EndProject
Global
	GlobalSection(SolutionConfigurationPlatforms) = preSolution
		Debug|Any CPU = Debug|Any CPU
		Release|Any CPU = Release|Any CPU
	EndGlobalSection
	GlobalSection(ProjectConfigurationPlatforms) = postSolution
		{B2444549-196A-466C-A855-C6E4C55EBEFD}.Debug|Any CPU.ActiveCfg = Debug|Any CPU
		{B2444549-196A-466C-A855-C6E4C55EBEFD}.Debug|Any CPU.Build.0 = Debug|Any CPU
		{B2444549-196A-466C-A855-C6E4C55EBEFD}.Release|Any CPU.ActiveCfg = Release|Any CPU
		{B2444549-196A-466C-A855-C6E4C55EBEFD}.Release|Any CPU.Build.0 = Release|Any CPU
	EndGlobalSection
	GlobalSection(SolutionProperties) = preSolution
		HideSolutionNode = FALSE
	EndGlobalSection
	GlobalSection(ExtensibilityGlobals) = postSolution
		SolutionGuid = {E5D0C1F7-19E2-4827-99D4-F9B0C94A0555}
	EndGlobalSection
EndGlobal
