
Microsoft Visual Studio Solution File, Format Version 12.00
# Visual Studio Version 16
VisualStudioVersion = 16.0.33328.57
MinimumVisualStudioVersion = 10.0.40219.1
Project("{FAE04EC0-301F-11D3-BF4B-00C04F79EFBC}") = "WindowsFormUI", "WindowsFormUI\WindowsFormUI.csproj", "{55E49EC4-360A-44D1-9BFB-8D54DC32F0E3}"
EndProject
Global
	GlobalSection(SolutionConfigurationPlatforms) = preSolution
		Debug|Any CPU = Debug|Any CPU
		Release|Any CPU = Release|Any CPU
	EndGlobalSection
	GlobalSection(ProjectConfigurationPlatforms) = postSolution
		{55E49EC4-360A-44D1-9BFB-8D54DC32F0E3}.Debug|Any CPU.ActiveCfg = Debug|Any CPU
		{55E49EC4-360A-44D1-9BFB-8D54DC32F0E3}.Debug|Any CPU.Build.0 = Debug|Any CPU
		{55E49EC4-360A-44D1-9BFB-8D54DC32F0E3}.Release|Any CPU.ActiveCfg = Release|Any CPU
		{55E49EC4-360A-44D1-9BFB-8D54DC32F0E3}.Release|Any CPU.Build.0 = Release|Any CPU
	EndGlobalSection
	GlobalSection(SolutionProperties) = preSolution
		HideSolutionNode = FALSE
	EndGlobalSection
	GlobalSection(ExtensibilityGlobals) = postSolution
		SolutionGuid = {3456D50F-6663-49BB-A87C-2E3964293244}
	EndGlobalSection
EndGlobal
