
Microsoft Visual Studio Solution File, Format Version 12.00
# Visual Studio Version 16
VisualStudioVersion = 16.0.33328.57
MinimumVisualStudioVersion = 10.0.40219.1
Project("{FAE04EC0-301F-11D3-BF4B-00C04F79EFBC}") = "WindowsFormUI", "WindowsFormUI\WindowsFormUI.csproj", "{4A1690A5-9C9A-452F-BFD4-3AB6E7DFAD41}"
EndProject
Global
	GlobalSection(SolutionConfigurationPlatforms) = preSolution
		Debug|Any CPU = Debug|Any CPU
		Release|Any CPU = Release|Any CPU
	EndGlobalSection
	GlobalSection(ProjectConfigurationPlatforms) = postSolution
		{4A1690A5-9C9A-452F-BFD4-3AB6E7DFAD41}.Debug|Any CPU.ActiveCfg = Debug|Any CPU
		{4A1690A5-9C9A-452F-BFD4-3AB6E7DFAD41}.Debug|Any CPU.Build.0 = Debug|Any CPU
		{4A1690A5-9C9A-452F-BFD4-3AB6E7DFAD41}.Release|Any CPU.ActiveCfg = Release|Any CPU
		{4A1690A5-9C9A-452F-BFD4-3AB6E7DFAD41}.Release|Any CPU.Build.0 = Release|Any CPU
	EndGlobalSection
	GlobalSection(SolutionProperties) = preSolution
		HideSolutionNode = FALSE
	EndGlobalSection
	GlobalSection(ExtensibilityGlobals) = postSolution
		SolutionGuid = {D2921AEB-26BF-489A-BC86-609B46EE9334}
	EndGlobalSection
EndGlobal
