
Microsoft Visual Studio Solution File, Format Version 12.00
# Visual Studio Version 16
VisualStudioVersion = 16.0.33328.57
MinimumVisualStudioVersion = 10.0.40219.1
Project("{FAE04EC0-301F-11D3-BF4B-00C04F79EFBC}") = "WindowsFormUI", "WindowsFormUI\WindowsFormUI.csproj", "{36FE6A37-D14A-4388-9E90-ABE72D8BCBAF}"
EndProject
Global
	GlobalSection(SolutionConfigurationPlatforms) = preSolution
		Debug|Any CPU = Debug|Any CPU
		Release|Any CPU = Release|Any CPU
	EndGlobalSection
	GlobalSection(ProjectConfigurationPlatforms) = postSolution
		{36FE6A37-D14A-4388-9E90-ABE72D8BCBAF}.Debug|Any CPU.ActiveCfg = Debug|Any CPU
		{36FE6A37-D14A-4388-9E90-ABE72D8BCBAF}.Debug|Any CPU.Build.0 = Debug|Any CPU
		{36FE6A37-D14A-4388-9E90-ABE72D8BCBAF}.Release|Any CPU.ActiveCfg = Release|Any CPU
		{36FE6A37-D14A-4388-9E90-ABE72D8BCBAF}.Release|Any CPU.Build.0 = Release|Any CPU
	EndGlobalSection
	GlobalSection(SolutionProperties) = preSolution
		HideSolutionNode = FALSE
	EndGlobalSection
	GlobalSection(ExtensibilityGlobals) = postSolution
		SolutionGuid = {40E55634-9320-41C6-B4F7-F46BDD4A1D13}
	EndGlobalSection
EndGlobal
